// !$*UTF8*$!
{
	archiveVersion = 1;
	classes = {
	};
	objectVersion = 56;
	objects = {

/* Begin PBXBuildFile section */
		4CD13B6B29A18D750024910A /* GoogleService-Info.plist in Resources */ = {isa = PBXBuildFile; fileRef = 4CD13B6A29A18D750024910A /* GoogleService-Info.plist */; };
		E00E4630299059D9006F6562 /* SegueID.swift in Sources */ = {isa = PBXBuildFile; fileRef = E00E462F299059D9006F6562 /* SegueID.swift */; };
		E00E46332990EFE6006F6562 /* CornerRadiusModifiers.swift in Sources */ = {isa = PBXBuildFile; fileRef = E00E46322990EFE6006F6562 /* CornerRadiusModifiers.swift */; };
		E00E46352990F701006F6562 /* ErrorMessages.swift in Sources */ = {isa = PBXBuildFile; fileRef = E00E46342990F701006F6562 /* ErrorMessages.swift */; };
		E00E46372990F914006F6562 /* LoopCollectionViewSectionHeader.swift in Sources */ = {isa = PBXBuildFile; fileRef = E00E46362990F914006F6562 /* LoopCollectionViewSectionHeader.swift */; };
		E0259D3E298A1E730018DB30 /* FirebaseAnalytics in Frameworks */ = {isa = PBXBuildFile; productRef = E0259D3D298A1E730018DB30 /* FirebaseAnalytics */; };
		E0259D40298A1E730018DB30 /* FirebaseAnalyticsSwift in Frameworks */ = {isa = PBXBuildFile; productRef = E0259D3F298A1E730018DB30 /* FirebaseAnalyticsSwift */; };
		E0259D42298A1E730018DB30 /* FirebaseAuth in Frameworks */ = {isa = PBXBuildFile; productRef = E0259D41298A1E730018DB30 /* FirebaseAuth */; };

		E0259D44298A1E9B0018DB30 /* GoogleService-Info.plist in Resources */ = {isa = PBXBuildFile; fileRef = E0259D43298A1E9A0018DB30 /* GoogleService-Info.plist */; };
		E09704B529984C1E0024A0F2 /* User.swift in Sources */ = {isa = PBXBuildFile; fileRef = E09704B429984C1E0024A0F2 /* User.swift */; };
		E0A413372995738800077302 /* Storage.swift in Sources */ = {isa = PBXBuildFile; fileRef = E0A413362995738800077302 /* Storage.swift */; };
		E0A4133A299578E900077302 /* FirebaseDatabase in Frameworks */ = {isa = PBXBuildFile; productRef = E0A41339299578E900077302 /* FirebaseDatabase */; };
		E0A4133C299578E900077302 /* FirebaseDatabaseSwift in Frameworks */ = {isa = PBXBuildFile; productRef = E0A4133B299578E900077302 /* FirebaseDatabaseSwift */; };
		E0AE5257299850D90012C068 /* BorderSize.swift in Sources */ = {isa = PBXBuildFile; fileRef = E0AE5256299850D90012C068 /* BorderSize.swift */; };
		E0AE525F299C01B70012C068 /* CategoryItem.swift in Sources */ = {isa = PBXBuildFile; fileRef = E0AE525E299C01B70012C068 /* CategoryItem.swift */; };

		E0E2986B2977334F00902727 /* loopLogo2.png in Resources */ = {isa = PBXBuildFile; fileRef = E0E298692977334E00902727 /* loopLogo2.png */; };
		E0E2986C2977334F00902727 /* loopLogo3.png in Resources */ = {isa = PBXBuildFile; fileRef = E0E2986A2977334F00902727 /* loopLogo3.png */; };
		E0E5A7282979ADD800B7B29D /* thoughtsLogo.png in Resources */ = {isa = PBXBuildFile; fileRef = E0E5A7262979ADD800B7B29D /* thoughtsLogo.png */; };
		E0E5A7292979ADD800B7B29D /* mindLogo.png in Resources */ = {isa = PBXBuildFile; fileRef = E0E5A7272979ADD800B7B29D /* mindLogo.png */; };
		E0E5A72B2979BCBE00B7B29D /* UserProfileController.swift in Sources */ = {isa = PBXBuildFile; fileRef = E0E5A72A2979BCBE00B7B29D /* UserProfileController.swift */; };
		E0E5A72F2979BE9800B7B29D /* WelcomeController.swift in Sources */ = {isa = PBXBuildFile; fileRef = E0E5A72E2979BE9800B7B29D /* WelcomeController.swift */; };
		E0E5A731297B0F7500B7B29D /* LoopCollectionsViewController.swift in Sources */ = {isa = PBXBuildFile; fileRef = E0E5A730297B0F7500B7B29D /* LoopCollectionsViewController.swift */; };
		E0E5A733297B130E00B7B29D /* LoopRecordViewController.swift in Sources */ = {isa = PBXBuildFile; fileRef = E0E5A732297B130E00B7B29D /* LoopRecordViewController.swift */; };
		E0E5A735297B142100B7B29D /* LoopPlayViewController.swift in Sources */ = {isa = PBXBuildFile; fileRef = E0E5A734297B142100B7B29D /* LoopPlayViewController.swift */; };
		E0E5A738297B770100B7B29D /* LoopCollecttionsCell.swift in Sources */ = {isa = PBXBuildFile; fileRef = E0E5A737297B770100B7B29D /* LoopCollecttionsCell.swift */; };
		E0F2A9AE29766B7B0066263F /* AppDelegate.swift in Sources */ = {isa = PBXBuildFile; fileRef = E0F2A9AD29766B7B0066263F /* AppDelegate.swift */; };
		E0F2A9B029766B7B0066263F /* SceneDelegate.swift in Sources */ = {isa = PBXBuildFile; fileRef = E0F2A9AF29766B7B0066263F /* SceneDelegate.swift */; };
		E0F2A9B229766B7B0066263F /* CreateAccountController.swift in Sources */ = {isa = PBXBuildFile; fileRef = E0F2A9B129766B7B0066263F /* CreateAccountController.swift */; };
		E0F2A9B529766B7B0066263F /* Main.storyboard in Resources */ = {isa = PBXBuildFile; fileRef = E0F2A9B329766B7B0066263F /* Main.storyboard */; };
		E0F2A9B729766B7D0066263F /* Assets.xcassets in Resources */ = {isa = PBXBuildFile; fileRef = E0F2A9B629766B7D0066263F /* Assets.xcassets */; };
		E0F2A9BA29766B7D0066263F /* LaunchScreen.storyboard in Resources */ = {isa = PBXBuildFile; fileRef = E0F2A9B829766B7D0066263F /* LaunchScreen.storyboard */; };
/* End PBXBuildFile section */

/* Begin PBXFileReference section */
		4CD13B6A29A18D750024910A /* GoogleService-Info.plist */ = {isa = PBXFileReference; lastKnownFileType = text.plist; name = "GoogleService-Info.plist"; path = "Hypno Loops/GoogleService-Info.plist"; sourceTree = SOURCE_ROOT; };
		E00E462F299059D9006F6562 /* SegueID.swift */ = {isa = PBXFileReference; lastKnownFileType = sourcecode.swift; path = SegueID.swift; sourceTree = "<group>"; };

		E00E46322990EFE6006F6562 /* CornerRadiusModifiers.swift */ = {isa = PBXFileReference; lastKnownFileType = sourcecode.swift; path = CornerRadiusModifiers.swift; sourceTree = "<group>"; };
		E00E46342990F701006F6562 /* ErrorMessages.swift */ = {isa = PBXFileReference; lastKnownFileType = sourcecode.swift; path = ErrorMessages.swift; sourceTree = "<group>"; };
		E00E46362990F914006F6562 /* LoopCollectionViewSectionHeader.swift */ = {isa = PBXFileReference; lastKnownFileType = sourcecode.swift; path = LoopCollectionViewSectionHeader.swift; sourceTree = "<group>"; };
		E0259D43298A1E9A0018DB30 /* GoogleService-Info.plist */ = {isa = PBXFileReference; fileEncoding = 4; lastKnownFileType = text.plist.xml; name = "GoogleService-Info.plist"; path = "../../../../Downloads/GoogleService-Info.plist"; sourceTree = "<group>"; };
		E09704B429984C1E0024A0F2 /* User.swift */ = {isa = PBXFileReference; lastKnownFileType = sourcecode.swift; path = User.swift; sourceTree = "<group>"; };
		E0A413362995738800077302 /* Storage.swift */ = {isa = PBXFileReference; lastKnownFileType = sourcecode.swift; path = Storage.swift; sourceTree = "<group>"; };
		E0AE5256299850D90012C068 /* BorderSize.swift */ = {isa = PBXFileReference; lastKnownFileType = sourcecode.swift; path = BorderSize.swift; sourceTree = "<group>"; };
		E0AE525E299C01B70012C068 /* CategoryItem.swift */ = {isa = PBXFileReference; lastKnownFileType = sourcecode.swift; path = CategoryItem.swift; sourceTree = "<group>"; };

		E0E298692977334E00902727 /* loopLogo2.png */ = {isa = PBXFileReference; lastKnownFileType = image.png; path = loopLogo2.png; sourceTree = "<group>"; };
		E0E2986A2977334F00902727 /* loopLogo3.png */ = {isa = PBXFileReference; lastKnownFileType = image.png; path = loopLogo3.png; sourceTree = "<group>"; };
		E0E5A7262979ADD800B7B29D /* thoughtsLogo.png */ = {isa = PBXFileReference; lastKnownFileType = image.png; path = thoughtsLogo.png; sourceTree = "<group>"; };
		E0E5A7272979ADD800B7B29D /* mindLogo.png */ = {isa = PBXFileReference; lastKnownFileType = image.png; path = mindLogo.png; sourceTree = "<group>"; };
		E0E5A72A2979BCBE00B7B29D /* UserProfileController.swift */ = {isa = PBXFileReference; lastKnownFileType = sourcecode.swift; path = UserProfileController.swift; sourceTree = "<group>"; };
		E0E5A72E2979BE9800B7B29D /* WelcomeController.swift */ = {isa = PBXFileReference; lastKnownFileType = sourcecode.swift; path = WelcomeController.swift; sourceTree = "<group>"; };
		E0E5A730297B0F7500B7B29D /* LoopCollectionsViewController.swift */ = {isa = PBXFileReference; lastKnownFileType = sourcecode.swift; path = LoopCollectionsViewController.swift; sourceTree = "<group>"; };
		E0E5A732297B130E00B7B29D /* LoopRecordViewController.swift */ = {isa = PBXFileReference; lastKnownFileType = sourcecode.swift; path = LoopRecordViewController.swift; sourceTree = "<group>"; };
		E0E5A734297B142100B7B29D /* LoopPlayViewController.swift */ = {isa = PBXFileReference; lastKnownFileType = sourcecode.swift; path = LoopPlayViewController.swift; sourceTree = "<group>"; };
		E0E5A737297B770100B7B29D /* LoopCollecttionsCell.swift */ = {isa = PBXFileReference; lastKnownFileType = sourcecode.swift; path = LoopCollecttionsCell.swift; sourceTree = "<group>"; };
		E0F2A9AA29766B7A0066263F /* Hypno Loops.app */ = {isa = PBXFileReference; explicitFileType = wrapper.application; includeInIndex = 0; path = "Hypno Loops.app"; sourceTree = BUILT_PRODUCTS_DIR; };
		E0F2A9AD29766B7B0066263F /* AppDelegate.swift */ = {isa = PBXFileReference; lastKnownFileType = sourcecode.swift; path = AppDelegate.swift; sourceTree = "<group>"; };
		E0F2A9AF29766B7B0066263F /* SceneDelegate.swift */ = {isa = PBXFileReference; lastKnownFileType = sourcecode.swift; path = SceneDelegate.swift; sourceTree = "<group>"; };
		E0F2A9B129766B7B0066263F /* CreateAccountController.swift */ = {isa = PBXFileReference; lastKnownFileType = sourcecode.swift; path = CreateAccountController.swift; sourceTree = "<group>"; };
		E0F2A9B429766B7B0066263F /* Base */ = {isa = PBXFileReference; lastKnownFileType = file.storyboard; name = Base; path = Base.lproj/Main.storyboard; sourceTree = "<group>"; };
		E0F2A9B629766B7D0066263F /* Assets.xcassets */ = {isa = PBXFileReference; lastKnownFileType = folder.assetcatalog; path = Assets.xcassets; sourceTree = "<group>"; };
		E0F2A9B929766B7D0066263F /* Base */ = {isa = PBXFileReference; lastKnownFileType = file.storyboard; name = Base; path = Base.lproj/LaunchScreen.storyboard; sourceTree = "<group>"; };
		E0F2A9BB29766B7D0066263F /* Info.plist */ = {isa = PBXFileReference; lastKnownFileType = text.plist.xml; path = Info.plist; sourceTree = "<group>"; };
/* End PBXFileReference section */

/* Begin PBXFrameworksBuildPhase section */
		E0F2A9A729766B7A0066263F /* Frameworks */ = {
			isa = PBXFrameworksBuildPhase;
			buildActionMask = 2147483647;
			files = (
				E0A4133C299578E900077302 /* FirebaseDatabaseSwift in Frameworks */,
				E0259D40298A1E730018DB30 /* FirebaseAnalyticsSwift in Frameworks */,
				E0259D42298A1E730018DB30 /* FirebaseAuth in Frameworks */,
				E0A4133A299578E900077302 /* FirebaseDatabase in Frameworks */,
				E0259D3E298A1E730018DB30 /* FirebaseAnalytics in Frameworks */,
			);
			runOnlyForDeploymentPostprocessing = 0;
		};
/* End PBXFrameworksBuildPhase section */

/* Begin PBXGroup section */
		E00E4631299059F6006F6562 /* Utilities */ = {
			isa = PBXGroup;
			children = (
				E00E462F299059D9006F6562 /* SegueID.swift */,
				E00E46342990F701006F6562 /* ErrorMessages.swift */,
				E00E46322990EFE6006F6562 /* CornerRadiusModifiers.swift */,
				E0AE5256299850D90012C068 /* BorderSize.swift */,
				E0A413362995738800077302 /* Storage.swift */,
			);
			path = Utilities;
			sourceTree = "<group>";
		};
		E04FB383297D9CE400EA7411 /* ReusableViews */ = {
			isa = PBXGroup;
			children = (
				E0E5A737297B770100B7B29D /* LoopCollecttionsCell.swift */,
				E00E46362990F914006F6562 /* LoopCollectionViewSectionHeader.swift */,
			);
			path = ReusableViews;
			sourceTree = "<group>";
		};
		E09704B329984BE50024A0F2 /* Model */ = {
			isa = PBXGroup;
			children = (
				E09704B429984C1E0024A0F2 /* User.swift */,
				E0AE525E299C01B70012C068 /* CategoryItem.swift */,
			);
			path = Model;
			sourceTree = "<group>";
		};
		E0A41338299578E900077302 /* Frameworks */ = {
			isa = PBXGroup;
			children = (
			);
			name = Frameworks;
			sourceTree = "<group>";
		};
		E0E5A72C2979BCCD00B7B29D /* AppDelegate */ = {
			isa = PBXGroup;
			children = (
				E0F2A9AD29766B7B0066263F /* AppDelegate.swift */,
				E0F2A9AF29766B7B0066263F /* SceneDelegate.swift */,
			);
			path = AppDelegate;
			sourceTree = "<group>";
		};
		E0E5A72D2979BCFD00B7B29D /* ViewControllers */ = {
			isa = PBXGroup;
			children = (
				E0E5A72E2979BE9800B7B29D /* WelcomeController.swift */,
				E0F2A9B129766B7B0066263F /* CreateAccountController.swift */,
				E0E5A72A2979BCBE00B7B29D /* UserProfileController.swift */,
				E0E5A730297B0F7500B7B29D /* LoopCollectionsViewController.swift */,
				E0E5A732297B130E00B7B29D /* LoopRecordViewController.swift */,
				E0E5A734297B142100B7B29D /* LoopPlayViewController.swift */,
			);
			path = ViewControllers;
			sourceTree = "<group>";
		};
		E0E5A736297B145300B7B29D /* Loop Images */ = {
			isa = PBXGroup;
			children = (
				E0E298692977334E00902727 /* loopLogo2.png */,
				E0E2986A2977334F00902727 /* loopLogo3.png */,
				E0E5A7272979ADD800B7B29D /* mindLogo.png */,
				E0E5A7262979ADD800B7B29D /* thoughtsLogo.png */,
			);
			path = "Loop Images";
			sourceTree = "<group>";
		};
		E0F2A9A129766B7A0066263F = {
			isa = PBXGroup;
			children = (
				E0F2A9AC29766B7B0066263F /* Hypno Loops */,
				E0F2A9AB29766B7A0066263F /* Products */,
				E0A41338299578E900077302 /* Frameworks */,
			);
			sourceTree = "<group>";
		};
		E0F2A9AB29766B7A0066263F /* Products */ = {
			isa = PBXGroup;
			children = (
				E0F2A9AA29766B7A0066263F /* Hypno Loops.app */,
			);
			name = Products;
			sourceTree = "<group>";
		};
		E0F2A9AC29766B7B0066263F /* Hypno Loops */ = {
			isa = PBXGroup;
			children = (
				4CD13B6A29A18D750024910A /* GoogleService-Info.plist */,
				E0E5A72C2979BCCD00B7B29D /* AppDelegate */,
				E09704B329984BE50024A0F2 /* Model */,
				E00E4631299059F6006F6562 /* Utilities */,
				E0E5A72D2979BCFD00B7B29D /* ViewControllers */,
				E04FB383297D9CE400EA7411 /* ReusableViews */,
				E0F2A9B329766B7B0066263F /* Main.storyboard */,
				E0F2A9B629766B7D0066263F /* Assets.xcassets */,
				E0F2A9B829766B7D0066263F /* LaunchScreen.storyboard */,
				E0F2A9BB29766B7D0066263F /* Info.plist */,
				E0E5A736297B145300B7B29D /* Loop Images */,
			);
			path = "Hypno Loops";
			sourceTree = "<group>";
		};
/* End PBXGroup section */

/* Begin PBXNativeTarget section */
		E0F2A9A929766B7A0066263F /* Hypno Loops */ = {
			isa = PBXNativeTarget;
			buildConfigurationList = E0F2A9BE29766B7D0066263F /* Build configuration list for PBXNativeTarget "Hypno Loops" */;
			buildPhases = (
				E0F2A9A629766B7A0066263F /* Sources */,
				E0F2A9A729766B7A0066263F /* Frameworks */,
				E0F2A9A829766B7A0066263F /* Resources */,
			);
			buildRules = (
			);
			dependencies = (
			);
			name = "Hypno Loops";
			packageProductDependencies = (
				E0259D3D298A1E730018DB30 /* FirebaseAnalytics */,
				E0259D3F298A1E730018DB30 /* FirebaseAnalyticsSwift */,
				E0259D41298A1E730018DB30 /* FirebaseAuth */,
				E0A41339299578E900077302 /* FirebaseDatabase */,
				E0A4133B299578E900077302 /* FirebaseDatabaseSwift */,
			);
			productName = "Hypno Loops";
			productReference = E0F2A9AA29766B7A0066263F /* Hypno Loops.app */;
			productType = "com.apple.product-type.application";
		};
/* End PBXNativeTarget section */

/* Begin PBXProject section */
		E0F2A9A229766B7A0066263F /* Project object */ = {
			isa = PBXProject;
			attributes = {
				BuildIndependentTargetsInParallel = 1;
				LastSwiftUpdateCheck = 1420;
				LastUpgradeCheck = 1420;
				TargetAttributes = {
					E0F2A9A929766B7A0066263F = {
						CreatedOnToolsVersion = 14.2;
					};
				};
			};
			buildConfigurationList = E0F2A9A529766B7A0066263F /* Build configuration list for PBXProject "Hypno Loops" */;
			compatibilityVersion = "Xcode 14.0";
			developmentRegion = en;
			hasScannedForEncodings = 0;
			knownRegions = (
				en,
				Base,
			);
			mainGroup = E0F2A9A129766B7A0066263F;
			packageReferences = (
				E0259D3C298A1E730018DB30 /* XCRemoteSwiftPackageReference "firebase-ios-sdk" */,
			);
			productRefGroup = E0F2A9AB29766B7A0066263F /* Products */;
			projectDirPath = "";
			projectRoot = "";
			targets = (
				E0F2A9A929766B7A0066263F /* Hypno Loops */,
			);
		};
/* End PBXProject section */

/* Begin PBXResourcesBuildPhase section */
		E0F2A9A829766B7A0066263F /* Resources */ = {
			isa = PBXResourcesBuildPhase;
			buildActionMask = 2147483647;
			files = (
				E0E5A7292979ADD800B7B29D /* mindLogo.png in Resources */,
				4CD13B6B29A18D750024910A /* GoogleService-Info.plist in Resources */,
				E0E2986C2977334F00902727 /* loopLogo3.png in Resources */,
				E0F2A9BA29766B7D0066263F /* LaunchScreen.storyboard in Resources */,
				E0E5A7282979ADD800B7B29D /* thoughtsLogo.png in Resources */,
				E0E2986B2977334F00902727 /* loopLogo2.png in Resources */,
				E0F2A9B729766B7D0066263F /* Assets.xcassets in Resources */,
				E0F2A9B529766B7B0066263F /* Main.storyboard in Resources */,
			);
			runOnlyForDeploymentPostprocessing = 0;
		};
/* End PBXResourcesBuildPhase section */

/* Begin PBXSourcesBuildPhase section */
		E0F2A9A629766B7A0066263F /* Sources */ = {
			isa = PBXSourcesBuildPhase;
			buildActionMask = 2147483647;
			files = (
				E0F2A9B229766B7B0066263F /* CreateAccountController.swift in Sources */,
				E0A413372995738800077302 /* Storage.swift in Sources */,
				E00E46332990EFE6006F6562 /* CornerRadiusModifiers.swift in Sources */,
				E0E5A72F2979BE9800B7B29D /* WelcomeController.swift in Sources */,
				E0E5A733297B130E00B7B29D /* LoopRecordViewController.swift in Sources */,
				E0E5A731297B0F7500B7B29D /* LoopCollectionsViewController.swift in Sources */,
				E00E46372990F914006F6562 /* LoopCollectionViewSectionHeader.swift in Sources */,
				E00E4630299059D9006F6562 /* SegueID.swift in Sources */,
				E09704B529984C1E0024A0F2 /* User.swift in Sources */,
				E0F2A9AE29766B7B0066263F /* AppDelegate.swift in Sources */,
				E0E5A72B2979BCBE00B7B29D /* UserProfileController.swift in Sources */,
				E00E46352990F701006F6562 /* ErrorMessages.swift in Sources */,
				E0AE525F299C01B70012C068 /* CategoryItem.swift in Sources */,
				E0E5A735297B142100B7B29D /* LoopPlayViewController.swift in Sources */,
				E0AE5257299850D90012C068 /* BorderSize.swift in Sources */,
				E0F2A9B029766B7B0066263F /* SceneDelegate.swift in Sources */,
				E0E5A738297B770100B7B29D /* LoopCollecttionsCell.swift in Sources */,
			);
			runOnlyForDeploymentPostprocessing = 0;
		};
/* End PBXSourcesBuildPhase section */

/* Begin PBXVariantGroup section */
		E0F2A9B329766B7B0066263F /* Main.storyboard */ = {
			isa = PBXVariantGroup;
			children = (
				E0F2A9B429766B7B0066263F /* Base */,
			);
			name = Main.storyboard;
			sourceTree = "<group>";
		};
		E0F2A9B829766B7D0066263F /* LaunchScreen.storyboard */ = {
			isa = PBXVariantGroup;
			children = (
				E0F2A9B929766B7D0066263F /* Base */,
			);
			name = LaunchScreen.storyboard;
			sourceTree = "<group>";
		};
/* End PBXVariantGroup section */

/* Begin XCBuildConfiguration section */
		E0F2A9BC29766B7D0066263F /* Debug */ = {
			isa = XCBuildConfiguration;
			buildSettings = {
				ALWAYS_SEARCH_USER_PATHS = NO;
				CLANG_ANALYZER_NONNULL = YES;
				CLANG_ANALYZER_NUMBER_OBJECT_CONVERSION = YES_AGGRESSIVE;
				CLANG_CXX_LANGUAGE_STANDARD = "gnu++20";
				CLANG_ENABLE_MODULES = YES;
				CLANG_ENABLE_OBJC_ARC = YES;
				CLANG_ENABLE_OBJC_WEAK = YES;
				CLANG_WARN_BLOCK_CAPTURE_AUTORELEASING = YES;
				CLANG_WARN_BOOL_CONVERSION = YES;
				CLANG_WARN_COMMA = YES;
				CLANG_WARN_CONSTANT_CONVERSION = YES;
				CLANG_WARN_DEPRECATED_OBJC_IMPLEMENTATIONS = YES;
				CLANG_WARN_DIRECT_OBJC_ISA_USAGE = YES_ERROR;
				CLANG_WARN_DOCUMENTATION_COMMENTS = YES;
				CLANG_WARN_EMPTY_BODY = YES;
				CLANG_WARN_ENUM_CONVERSION = YES;
				CLANG_WARN_INFINITE_RECURSION = YES;
				CLANG_WARN_INT_CONVERSION = YES;
				CLANG_WARN_NON_LITERAL_NULL_CONVERSION = YES;
				CLANG_WARN_OBJC_IMPLICIT_RETAIN_SELF = YES;
				CLANG_WARN_OBJC_LITERAL_CONVERSION = YES;
				CLANG_WARN_OBJC_ROOT_CLASS = YES_ERROR;
				CLANG_WARN_QUOTED_INCLUDE_IN_FRAMEWORK_HEADER = YES;
				CLANG_WARN_RANGE_LOOP_ANALYSIS = YES;
				CLANG_WARN_STRICT_PROTOTYPES = YES;
				CLANG_WARN_SUSPICIOUS_MOVE = YES;
				CLANG_WARN_UNGUARDED_AVAILABILITY = YES_AGGRESSIVE;
				CLANG_WARN_UNREACHABLE_CODE = YES;
				CLANG_WARN__DUPLICATE_METHOD_MATCH = YES;
				COPY_PHASE_STRIP = NO;
				DEBUG_INFORMATION_FORMAT = dwarf;
				ENABLE_STRICT_OBJC_MSGSEND = YES;
				ENABLE_TESTABILITY = YES;
				GCC_C_LANGUAGE_STANDARD = gnu11;
				GCC_DYNAMIC_NO_PIC = NO;
				GCC_NO_COMMON_BLOCKS = YES;
				GCC_OPTIMIZATION_LEVEL = 0;
				GCC_PREPROCESSOR_DEFINITIONS = (
					"DEBUG=1",
					"$(inherited)",
				);
				GCC_WARN_64_TO_32_BIT_CONVERSION = YES;
				GCC_WARN_ABOUT_RETURN_TYPE = YES_ERROR;
				GCC_WARN_UNDECLARED_SELECTOR = YES;
				GCC_WARN_UNINITIALIZED_AUTOS = YES_AGGRESSIVE;
				GCC_WARN_UNUSED_FUNCTION = YES;
				GCC_WARN_UNUSED_VARIABLE = YES;
				IPHONEOS_DEPLOYMENT_TARGET = 16.2;
				MTL_ENABLE_DEBUG_INFO = INCLUDE_SOURCE;
				MTL_FAST_MATH = YES;
				ONLY_ACTIVE_ARCH = YES;
				SDKROOT = iphoneos;
				SWIFT_ACTIVE_COMPILATION_CONDITIONS = DEBUG;
				SWIFT_OPTIMIZATION_LEVEL = "-Onone";
			};
			name = Debug;
		};
		E0F2A9BD29766B7D0066263F /* Release */ = {
			isa = XCBuildConfiguration;
			buildSettings = {
				ALWAYS_SEARCH_USER_PATHS = NO;
				CLANG_ANALYZER_NONNULL = YES;
				CLANG_ANALYZER_NUMBER_OBJECT_CONVERSION = YES_AGGRESSIVE;
				CLANG_CXX_LANGUAGE_STANDARD = "gnu++20";
				CLANG_ENABLE_MODULES = YES;
				CLANG_ENABLE_OBJC_ARC = YES;
				CLANG_ENABLE_OBJC_WEAK = YES;
				CLANG_WARN_BLOCK_CAPTURE_AUTORELEASING = YES;
				CLANG_WARN_BOOL_CONVERSION = YES;
				CLANG_WARN_COMMA = YES;
				CLANG_WARN_CONSTANT_CONVERSION = YES;
				CLANG_WARN_DEPRECATED_OBJC_IMPLEMENTATIONS = YES;
				CLANG_WARN_DIRECT_OBJC_ISA_USAGE = YES_ERROR;
				CLANG_WARN_DOCUMENTATION_COMMENTS = YES;
				CLANG_WARN_EMPTY_BODY = YES;
				CLANG_WARN_ENUM_CONVERSION = YES;
				CLANG_WARN_INFINITE_RECURSION = YES;
				CLANG_WARN_INT_CONVERSION = YES;
				CLANG_WARN_NON_LITERAL_NULL_CONVERSION = YES;
				CLANG_WARN_OBJC_IMPLICIT_RETAIN_SELF = YES;
				CLANG_WARN_OBJC_LITERAL_CONVERSION = YES;
				CLANG_WARN_OBJC_ROOT_CLASS = YES_ERROR;
				CLANG_WARN_QUOTED_INCLUDE_IN_FRAMEWORK_HEADER = YES;
				CLANG_WARN_RANGE_LOOP_ANALYSIS = YES;
				CLANG_WARN_STRICT_PROTOTYPES = YES;
				CLANG_WARN_SUSPICIOUS_MOVE = YES;
				CLANG_WARN_UNGUARDED_AVAILABILITY = YES_AGGRESSIVE;
				CLANG_WARN_UNREACHABLE_CODE = YES;
				CLANG_WARN__DUPLICATE_METHOD_MATCH = YES;
				COPY_PHASE_STRIP = NO;
				DEBUG_INFORMATION_FORMAT = "dwarf-with-dsym";
				ENABLE_NS_ASSERTIONS = NO;
				ENABLE_STRICT_OBJC_MSGSEND = YES;
				GCC_C_LANGUAGE_STANDARD = gnu11;
				GCC_NO_COMMON_BLOCKS = YES;
				GCC_WARN_64_TO_32_BIT_CONVERSION = YES;
				GCC_WARN_ABOUT_RETURN_TYPE = YES_ERROR;
				GCC_WARN_UNDECLARED_SELECTOR = YES;
				GCC_WARN_UNINITIALIZED_AUTOS = YES_AGGRESSIVE;
				GCC_WARN_UNUSED_FUNCTION = YES;
				GCC_WARN_UNUSED_VARIABLE = YES;
				IPHONEOS_DEPLOYMENT_TARGET = 16.2;
				MTL_ENABLE_DEBUG_INFO = NO;
				MTL_FAST_MATH = YES;
				SDKROOT = iphoneos;
				SWIFT_COMPILATION_MODE = wholemodule;
				SWIFT_OPTIMIZATION_LEVEL = "-O";
				VALIDATE_PRODUCT = YES;
			};
			name = Release;
		};
		E0F2A9BF29766B7D0066263F /* Debug */ = {
			isa = XCBuildConfiguration;
			buildSettings = {
				ASSETCATALOG_COMPILER_APPICON_NAME = AppIcon;
				ASSETCATALOG_COMPILER_GLOBAL_ACCENT_COLOR_NAME = AccentColor;
				CODE_SIGN_STYLE = Automatic;
				CURRENT_PROJECT_VERSION = 1;
				DEVELOPMENT_TEAM = QDDDA27M89;
				GENERATE_INFOPLIST_FILE = YES;
				INFOPLIST_FILE = "Hypno Loops/Info.plist";
				INFOPLIST_KEY_CFBundleDisplayName = "Hypno Loops";
				INFOPLIST_KEY_LSApplicationCategoryType = "public.app-category.healthcare-fitness";
				INFOPLIST_KEY_UIApplicationSupportsIndirectInputEvents = YES;
				INFOPLIST_KEY_UILaunchStoryboardName = LaunchScreen;
				INFOPLIST_KEY_UIMainStoryboardFile = Main;
				INFOPLIST_KEY_UISupportedInterfaceOrientations_iPad = "UIInterfaceOrientationPortrait UIInterfaceOrientationPortraitUpsideDown UIInterfaceOrientationLandscapeLeft UIInterfaceOrientationLandscapeRight";
				INFOPLIST_KEY_UISupportedInterfaceOrientations_iPhone = "UIInterfaceOrientationPortrait UIInterfaceOrientationLandscapeLeft UIInterfaceOrientationLandscapeRight";
				IPHONEOS_DEPLOYMENT_TARGET = 15.5;
				LD_RUNPATH_SEARCH_PATHS = (
					"$(inherited)",
					"@executable_path/Frameworks",
				);
				MARKETING_VERSION = 1.0;
				PRODUCT_BUNDLE_IDENTIFIER = "com.JoeyRubin.Hypno-Loops";
				PRODUCT_NAME = "$(TARGET_NAME)";
				SWIFT_EMIT_LOC_STRINGS = YES;
				SWIFT_VERSION = 5.0;
				TARGETED_DEVICE_FAMILY = "1,2";
			};
			name = Debug;
		};
		E0F2A9C029766B7D0066263F /* Release */ = {
			isa = XCBuildConfiguration;
			buildSettings = {
				ASSETCATALOG_COMPILER_APPICON_NAME = AppIcon;
				ASSETCATALOG_COMPILER_GLOBAL_ACCENT_COLOR_NAME = AccentColor;
				CODE_SIGN_STYLE = Automatic;
				CURRENT_PROJECT_VERSION = 1;
				DEVELOPMENT_TEAM = QDDDA27M89;
				GENERATE_INFOPLIST_FILE = YES;
				INFOPLIST_FILE = "Hypno Loops/Info.plist";
				INFOPLIST_KEY_CFBundleDisplayName = "Hypno Loops";
				INFOPLIST_KEY_LSApplicationCategoryType = "public.app-category.healthcare-fitness";
				INFOPLIST_KEY_UIApplicationSupportsIndirectInputEvents = YES;
				INFOPLIST_KEY_UILaunchStoryboardName = LaunchScreen;
				INFOPLIST_KEY_UIMainStoryboardFile = Main;
				INFOPLIST_KEY_UISupportedInterfaceOrientations_iPad = "UIInterfaceOrientationPortrait UIInterfaceOrientationPortraitUpsideDown UIInterfaceOrientationLandscapeLeft UIInterfaceOrientationLandscapeRight";
				INFOPLIST_KEY_UISupportedInterfaceOrientations_iPhone = "UIInterfaceOrientationPortrait UIInterfaceOrientationLandscapeLeft UIInterfaceOrientationLandscapeRight";
				IPHONEOS_DEPLOYMENT_TARGET = 15.5;
				LD_RUNPATH_SEARCH_PATHS = (
					"$(inherited)",
					"@executable_path/Frameworks",
				);
				MARKETING_VERSION = 1.0;
				PRODUCT_BUNDLE_IDENTIFIER = "com.JoeyRubin.Hypno-Loops";
				PRODUCT_NAME = "$(TARGET_NAME)";
				SWIFT_EMIT_LOC_STRINGS = YES;
				SWIFT_VERSION = 5.0;
				TARGETED_DEVICE_FAMILY = "1,2";
			};
			name = Release;
		};
/* End XCBuildConfiguration section */

/* Begin XCConfigurationList section */
		E0F2A9A529766B7A0066263F /* Build configuration list for PBXProject "Hypno Loops" */ = {
			isa = XCConfigurationList;
			buildConfigurations = (
				E0F2A9BC29766B7D0066263F /* Debug */,
				E0F2A9BD29766B7D0066263F /* Release */,
			);
			defaultConfigurationIsVisible = 0;
			defaultConfigurationName = Release;
		};
		E0F2A9BE29766B7D0066263F /* Build configuration list for PBXNativeTarget "Hypno Loops" */ = {
			isa = XCConfigurationList;
			buildConfigurations = (
				E0F2A9BF29766B7D0066263F /* Debug */,
				E0F2A9C029766B7D0066263F /* Release */,
			);
			defaultConfigurationIsVisible = 0;
			defaultConfigurationName = Release;
		};
/* End XCConfigurationList section */

/* Begin XCRemoteSwiftPackageReference section */
		E0259D3C298A1E730018DB30 /* XCRemoteSwiftPackageReference "firebase-ios-sdk" */ = {
			isa = XCRemoteSwiftPackageReference;
			repositoryURL = "https://github.com/firebase/firebase-ios-sdk";
			requirement = {
				kind = upToNextMajorVersion;
				minimumVersion = 9.0.0;
			};
		};
/* End XCRemoteSwiftPackageReference section */

/* Begin XCSwiftPackageProductDependency section */
		E0259D3D298A1E730018DB30 /* FirebaseAnalytics */ = {
			isa = XCSwiftPackageProductDependency;
			package = E0259D3C298A1E730018DB30 /* XCRemoteSwiftPackageReference "firebase-ios-sdk" */;
			productName = FirebaseAnalytics;
		};
		E0259D3F298A1E730018DB30 /* FirebaseAnalyticsSwift */ = {
			isa = XCSwiftPackageProductDependency;
			package = E0259D3C298A1E730018DB30 /* XCRemoteSwiftPackageReference "firebase-ios-sdk" */;
			productName = FirebaseAnalyticsSwift;
		};
		E0259D41298A1E730018DB30 /* FirebaseAuth */ = {
			isa = XCSwiftPackageProductDependency;
			package = E0259D3C298A1E730018DB30 /* XCRemoteSwiftPackageReference "firebase-ios-sdk" */;
			productName = FirebaseAuth;
		};
		E0A41339299578E900077302 /* FirebaseDatabase */ = {
			isa = XCSwiftPackageProductDependency;
			package = E0259D3C298A1E730018DB30 /* XCRemoteSwiftPackageReference "firebase-ios-sdk" */;
			productName = FirebaseDatabase;
		};
		E0A4133B299578E900077302 /* FirebaseDatabaseSwift */ = {
			isa = XCSwiftPackageProductDependency;
			package = E0259D3C298A1E730018DB30 /* XCRemoteSwiftPackageReference "firebase-ios-sdk" */;
			productName = FirebaseDatabaseSwift;
		};
/* End XCSwiftPackageProductDependency section */
	};
	rootObject = E0F2A9A229766B7A0066263F /* Project object */;
}
